
Microsoft Visual Studio Solution File, Format Version 12.00
# Visual Studio Version 17
VisualStudioVersion = 17.10.35013.160
MinimumVisualStudioVersion = 10.0.40219.1
Project("{FAE04EC0-301F-11D3-BF4B-00C04F79EFBC}") = "Guerby_Duval.Server", "Guerby_Duval.Server\Guerby_Duval.Server.csproj", "{694E0660-F78D-4806-A37F-16E960045058}"
EndProject
Project("{54A90642-561A-4BB1-A94E-469ADEE60C69}") = "guerby_duval.client", "guerby_duval.client\guerby_duval.client.esproj", "{9CC6F831-5B18-4C78-B239-C4129D4474E7}"
EndProject
Global
	GlobalSection(SolutionConfigurationPlatforms) = preSolution
		Debug|Any CPU = Debug|Any CPU
		Release|Any CPU = Release|Any CPU
	EndGlobalSection
	GlobalSection(ProjectConfigurationPlatforms) = postSolution
		{694E0660-F78D-4806-A37F-16E960045058}.Debug|Any CPU.ActiveCfg = Debug|Any CPU
		{694E0660-F78D-4806-A37F-16E960045058}.Debug|Any CPU.Build.0 = Debug|Any CPU
		{694E0660-F78D-4806-A37F-16E960045058}.Release|Any CPU.ActiveCfg = Release|Any CPU
		{694E0660-F78D-4806-A37F-16E960045058}.Release|Any CPU.Build.0 = Release|Any CPU
		{9CC6F831-5B18-4C78-B239-C4129D4474E7}.Debug|Any CPU.ActiveCfg = Debug|Any CPU
		{9CC6F831-5B18-4C78-B239-C4129D4474E7}.Debug|Any CPU.Build.0 = Debug|Any CPU
		{9CC6F831-5B18-4C78-B239-C4129D4474E7}.Debug|Any CPU.Deploy.0 = Debug|Any CPU
		{9CC6F831-5B18-4C78-B239-C4129D4474E7}.Release|Any CPU.ActiveCfg = Release|Any CPU
		{9CC6F831-5B18-4C78-B239-C4129D4474E7}.Release|Any CPU.Build.0 = Release|Any CPU
		{9CC6F831-5B18-4C78-B239-C4129D4474E7}.Release|Any CPU.Deploy.0 = Release|Any CPU
	EndGlobalSection
	GlobalSection(SolutionProperties) = preSolution
		HideSolutionNode = FALSE
	EndGlobalSection
	GlobalSection(ExtensibilityGlobals) = postSolution
		SolutionGuid = {D40F2842-BCC6-4930-8F96-AFEA4B72E073}
	EndGlobalSection
EndGlobal
